
Microsoft Visual Studio Solution File, Format Version 12.00
# Visual Studio Version 17
VisualStudioVersion = 17.5.33530.505
MinimumVisualStudioVersion = 10.0.40219.1
Project("{9A19103F-16F7-4668-BE54-9A1E7A4F7556}") = "Identity.Api", "Identity.Api\Identity.Api.csproj", "{1F1A645C-D0E6-4FAD-84BE-37CFFA50AD53}"
EndProject
Project("{9A19103F-16F7-4668-BE54-9A1E7A4F7556}") = "Identity.Api.MudBlazor1", "Identity.Api.MudBlazor1.1\Identity.Api.MudBlazor1.csproj", "{896E236D-19AB-4D15-9DC1-04961054995E}"
EndProject
Global
	GlobalSection(SolutionConfigurationPlatforms) = preSolution
		Debug|Any CPU = Debug|Any CPU
		Release|Any CPU = Release|Any CPU
	EndGlobalSection
	GlobalSection(ProjectConfigurationPlatforms) = postSolution
		{1F1A645C-D0E6-4FAD-84BE-37CFFA50AD53}.Debug|Any CPU.ActiveCfg = Debug|Any CPU
		{1F1A645C-D0E6-4FAD-84BE-37CFFA50AD53}.Debug|Any CPU.Build.0 = Debug|Any CPU
		{1F1A645C-D0E6-4FAD-84BE-37CFFA50AD53}.Release|Any CPU.ActiveCfg = Release|Any CPU
		{1F1A645C-D0E6-4FAD-84BE-37CFFA50AD53}.Release|Any CPU.Build.0 = Release|Any CPU
		{896E236D-19AB-4D15-9DC1-04961054995E}.Debug|Any CPU.ActiveCfg = Debug|Any CPU
		{896E236D-19AB-4D15-9DC1-04961054995E}.Debug|Any CPU.Build.0 = Debug|Any CPU
		{896E236D-19AB-4D15-9DC1-04961054995E}.Release|Any CPU.ActiveCfg = Release|Any CPU
		{896E236D-19AB-4D15-9DC1-04961054995E}.Release|Any CPU.Build.0 = Release|Any CPU
	EndGlobalSection
	GlobalSection(SolutionProperties) = preSolution
		HideSolutionNode = FALSE
	EndGlobalSection
	GlobalSection(ExtensibilityGlobals) = postSolution
		SolutionGuid = {02E298F5-4516-493C-8B27-422B83EBE0E5}
	EndGlobalSection
EndGlobal
